// !$*UTF8*$!
{
	archiveVersion = 1;
	classes = {
	};
	objectVersion = 46;
	objects = {

/* Begin PBXBuildFile section */
		13CBB9E519784B2400BF5424 /* main.m in Sources */ = {isa = PBXBuildFile; fileRef = 13CBB9E419784B2400BF5424 /* main.m */; };
		13CBB9E819784B2400BF5424 /* AppDelegate.m in Sources */ = {isa = PBXBuildFile; fileRef = 13CBB9E719784B2400BF5424 /* AppDelegate.m */; };
		13CBB9EB19784B2400BF5424 /* HydMMTSLive.xcdatamodeld in Sources */ = {isa = PBXBuildFile; fileRef = 13CBB9E919784B2400BF5424 /* HydMMTSLive.xcdatamodeld */; };
		13CBB9ED19784B2400BF5424 /* Images.xcassets in Resources */ = {isa = PBXBuildFile; fileRef = 13CBB9EC19784B2400BF5424 /* Images.xcassets */; };
		13CBB9F919784B2400BF5424 /* HydMMTSLiveTests.m in Sources */ = {isa = PBXBuildFile; fileRef = 13CBB9F819784B2400BF5424 /* HydMMTSLiveTests.m */; };
		18BA6E1A19E4DAAA0044AF36 /* MainStoryboard.storyboard in Resources */ = {isa = PBXBuildFile; fileRef = 18BA6E1919E4DAAA0044AF36 /* MainStoryboard.storyboard */; };
		18BA6E1D19E4DB4A0044AF36 /* RoutesListTableViewController.m in Sources */ = {isa = PBXBuildFile; fileRef = 18BA6E1C19E4DB4A0044AF36 /* RoutesListTableViewController.m */; };
		18BA6E2019E4DE830044AF36 /* LiveStatusForSelectedRouteTableViewController.m in Sources */ = {isa = PBXBuildFile; fileRef = 18BA6E1F19E4DE830044AF36 /* LiveStatusForSelectedRouteTableViewController.m */; };
		18DE13AC19E63887001A8984 /* AlignmentGrid.png in Resources */ = {isa = PBXBuildFile; fileRef = 18DE139119E63887001A8984 /* AlignmentGrid.png */; };
		18DE13AD19E63887001A8984 /* appbar.arrow.up.down.png in Resources */ = {isa = PBXBuildFile; fileRef = 18DE139219E63887001A8984 /* appbar.arrow.up.down.png */; };
		18DE13AE19E63887001A8984 /* appbar.magnify.png in Resources */ = {isa = PBXBuildFile; fileRef = 18DE139319E63887001A8984 /* appbar.magnify.png */; };
		18DE13AF19E63887001A8984 /* AppIcon.png in Resources */ = {isa = PBXBuildFile; fileRef = 18DE139419E63887001A8984 /* AppIcon.png */; };
		18DE13B019E63887001A8984 /* ApplicationIcon.png in Resources */ = {isa = PBXBuildFile; fileRef = 18DE139519E63887001A8984 /* ApplicationIcon.png */; };
		18DE13B119E63887001A8984 /* arrow.png in Resources */ = {isa = PBXBuildFile; fileRef = 18DE139619E63887001A8984 /* arrow.png */; };
		18DE13B219E63887001A8984 /* Facebook.jpg in Resources */ = {isa = PBXBuildFile; fileRef = 18DE139719E63887001A8984 /* Facebook.jpg */; };
		18DE13B319E63887001A8984 /* FlipCycleTileMedium.png in Resources */ = {isa = PBXBuildFile; fileRef = 18DE139819E63887001A8984 /* FlipCycleTileMedium.png */; };
		18DE13B419E63887001A8984 /* FlipCycleTileSmall.png in Resources */ = {isa = PBXBuildFile; fileRef = 18DE139919E63887001A8984 /* FlipCycleTileSmall.png */; };
		18DE13B519E63887001A8984 /* Info.png in Resources */ = {isa = PBXBuildFile; fileRef = 18DE139A19E63887001A8984 /* Info.png */; };
		18DE13B619E63887001A8984 /* refresh.png in Resources */ = {isa = PBXBuildFile; fileRef = 18DE139B19E63887001A8984 /* refresh.png */; };
		18DE13B719E63887001A8984 /* 1.png in Resources */ = {isa = PBXBuildFile; fileRef = 18DE139D19E63887001A8984 /* 1.png */; };
		18DE13B819E63887001A8984 /* 2.png in Resources */ = {isa = PBXBuildFile; fileRef = 18DE139E19E63887001A8984 /* 2.png */; };
		18DE13B919E63887001A8984 /* 3.png in Resources */ = {isa = PBXBuildFile; fileRef = 18DE139F19E63887001A8984 /* 3.png */; };
		18DE13BA19E63887001A8984 /* 4.png in Resources */ = {isa = PBXBuildFile; fileRef = 18DE13A019E63887001A8984 /* 4.png */; };
		18DE13BB19E63887001A8984 /* 5.png in Resources */ = {isa = PBXBuildFile; fileRef = 18DE13A119E63887001A8984 /* 5.png */; };
		18DE13BC19E63887001A8984 /* 6.png in Resources */ = {isa = PBXBuildFile; fileRef = 18DE13A219E63887001A8984 /* 6.png */; };
		18DE13BD19E63887001A8984 /* Spinner.png in Resources */ = {isa = PBXBuildFile; fileRef = 18DE13A319E63887001A8984 /* Spinner.png */; };
		18DE13BE19E63887001A8984 /* StackOverflow.jpg in Resources */ = {isa = PBXBuildFile; fileRef = 18DE13A419E63887001A8984 /* StackOverflow.jpg */; };
		18DE13C019E63887001A8984 /* StoreTile.png in Resources */ = {isa = PBXBuildFile; fileRef = 18DE13A619E63887001A8984 /* StoreTile.png */; };
		18DE13C119E63887001A8984 /* FlipCycleTileMedium.png in Resources */ = {isa = PBXBuildFile; fileRef = 18DE13A819E63887001A8984 /* FlipCycleTileMedium.png */; };
		18DE13C219E63887001A8984 /* FlipCycleTileSmall.png in Resources */ = {isa = PBXBuildFile; fileRef = 18DE13A919E63887001A8984 /* FlipCycleTileSmall.png */; };
		18DE13C319E63887001A8984 /* train.png in Resources */ = {isa = PBXBuildFile; fileRef = 18DE13AA19E63887001A8984 /* train.png */; };
		18DE13C419E63887001A8984 /* Twitter.jpg in Resources */ = {isa = PBXBuildFile; fileRef = 18DE13AB19E63887001A8984 /* Twitter.jpg */; };
		18DE13C719E63EA0001A8984 /* RouteCell.m in Sources */ = {isa = PBXBuildFile; fileRef = 18DE13C619E63EA0001A8984 /* RouteCell.m */; };
		18DE13CB19E643E8001A8984 /* NewAppIcon@2x.png in Resources */ = {isa = PBXBuildFile; fileRef = 18DE13C919E643E8001A8984 /* NewAppIcon@2x.png */; };
		18DE13CD19E64495001A8984 /* NewAppIcon@3x.png in Resources */ = {isa = PBXBuildFile; fileRef = 18DE13CC19E64495001A8984 /* NewAppIcon@3x.png */; };
		605D1AE5D3B14D8A9404F96D /* libPods-HydMMTSLive.a in Frameworks */ = {isa = PBXBuildFile; fileRef = 4ACDBE41B2604FF8BD302799 /* libPods-HydMMTSLive.a */; };
		D4C45D7819823D350037509E /* ImportantContent in Resources */ = {isa = PBXBuildFile; fileRef = D4C45D7719823D350037509E /* ImportantContent */; };
/* End PBXBuildFile section */

/* Begin PBXContainerItemProxy section */
		13CBB9F319784B2400BF5424 /* PBXContainerItemProxy */ = {
			isa = PBXContainerItemProxy;
			containerPortal = 13CBB9D719784B2400BF5424 /* Project object */;
			proxyType = 1;
			remoteGlobalIDString = 13CBB9DE19784B2400BF5424;
			remoteInfo = HydMMTSLive;
		};
/* End PBXContainerItemProxy section */

/* Begin PBXFileReference section */
		0A8C35CCA59445F7DA978BB4 /* Pods-HydMMTSLive.release.xcconfig */ = {isa = PBXFileReference; includeInIndex = 1; lastKnownFileType = text.xcconfig; name = "Pods-HydMMTSLive.release.xcconfig"; path = "Pods/Target Support Files/Pods-HydMMTSLive/Pods-HydMMTSLive.release.xcconfig"; sourceTree = "<group>"; };
		13CBB9DF19784B2400BF5424 /* HydMMTSLive.app */ = {isa = PBXFileReference; explicitFileType = wrapper.application; includeInIndex = 0; path = HydMMTSLive.app; sourceTree = BUILT_PRODUCTS_DIR; };
		13CBB9E319784B2400BF5424 /* Info.plist */ = {isa = PBXFileReference; lastKnownFileType = text.plist.xml; path = Info.plist; sourceTree = "<group>"; };
		13CBB9E419784B2400BF5424 /* main.m */ = {isa = PBXFileReference; lastKnownFileType = sourcecode.c.objc; path = main.m; sourceTree = "<group>"; };
		13CBB9E619784B2400BF5424 /* AppDelegate.h */ = {isa = PBXFileReference; lastKnownFileType = sourcecode.c.h; path = AppDelegate.h; sourceTree = "<group>"; };
		13CBB9E719784B2400BF5424 /* AppDelegate.m */ = {isa = PBXFileReference; lastKnownFileType = sourcecode.c.objc; path = AppDelegate.m; sourceTree = "<group>"; };
		13CBB9EA19784B2400BF5424 /* HydMMTSLive.xcdatamodel */ = {isa = PBXFileReference; lastKnownFileType = wrapper.xcdatamodel; path = HydMMTSLive.xcdatamodel; sourceTree = "<group>"; };
		13CBB9EC19784B2400BF5424 /* Images.xcassets */ = {isa = PBXFileReference; lastKnownFileType = folder.assetcatalog; path = Images.xcassets; sourceTree = "<group>"; };
		13CBB9F219784B2400BF5424 /* HydMMTSLiveTests.xctest */ = {isa = PBXFileReference; explicitFileType = wrapper.cfbundle; includeInIndex = 0; path = HydMMTSLiveTests.xctest; sourceTree = BUILT_PRODUCTS_DIR; };
		13CBB9F719784B2400BF5424 /* Info.plist */ = {isa = PBXFileReference; lastKnownFileType = text.plist.xml; path = Info.plist; sourceTree = "<group>"; };
		13CBB9F819784B2400BF5424 /* HydMMTSLiveTests.m */ = {isa = PBXFileReference; lastKnownFileType = sourcecode.c.objc; path = HydMMTSLiveTests.m; sourceTree = "<group>"; };
		18BA6E1919E4DAAA0044AF36 /* MainStoryboard.storyboard */ = {isa = PBXFileReference; fileEncoding = 4; lastKnownFileType = file.storyboard; path = MainStoryboard.storyboard; sourceTree = "<group>"; };
		18BA6E1B19E4DB4A0044AF36 /* RoutesListTableViewController.h */ = {isa = PBXFileReference; fileEncoding = 4; lastKnownFileType = sourcecode.c.h; path = RoutesListTableViewController.h; sourceTree = "<group>"; };
		18BA6E1C19E4DB4A0044AF36 /* RoutesListTableViewController.m */ = {isa = PBXFileReference; fileEncoding = 4; lastKnownFileType = sourcecode.c.objc; path = RoutesListTableViewController.m; sourceTree = "<group>"; };
		18BA6E1E19E4DE830044AF36 /* LiveStatusForSelectedRouteTableViewController.h */ = {isa = PBXFileReference; fileEncoding = 4; lastKnownFileType = sourcecode.c.h; path = LiveStatusForSelectedRouteTableViewController.h; sourceTree = "<group>"; };
		18BA6E1F19E4DE830044AF36 /* LiveStatusForSelectedRouteTableViewController.m */ = {isa = PBXFileReference; fileEncoding = 4; lastKnownFileType = sourcecode.c.objc; path = LiveStatusForSelectedRouteTableViewController.m; sourceTree = "<group>"; };
		18DE139119E63887001A8984 /* AlignmentGrid.png */ = {isa = PBXFileReference; lastKnownFileType = image.png; path = AlignmentGrid.png; sourceTree = "<group>"; };
		18DE139219E63887001A8984 /* appbar.arrow.up.down.png */ = {isa = PBXFileReference; lastKnownFileType = image.png; path = appbar.arrow.up.down.png; sourceTree = "<group>"; };
		18DE139319E63887001A8984 /* appbar.magnify.png */ = {isa = PBXFileReference; lastKnownFileType = image.png; path = appbar.magnify.png; sourceTree = "<group>"; };
		18DE139419E63887001A8984 /* AppIcon.png */ = {isa = PBXFileReference; lastKnownFileType = image.png; path = AppIcon.png; sourceTree = "<group>"; };
		18DE139519E63887001A8984 /* ApplicationIcon.png */ = {isa = PBXFileReference; lastKnownFileType = image.png; path = ApplicationIcon.png; sourceTree = "<group>"; };
		18DE139619E63887001A8984 /* arrow.png */ = {isa = PBXFileReference; lastKnownFileType = image.png; path = arrow.png; sourceTree = "<group>"; };
		18DE139719E63887001A8984 /* Facebook.jpg */ = {isa = PBXFileReference; lastKnownFileType = image.jpeg; path = Facebook.jpg; sourceTree = "<group>"; };
		18DE139819E63887001A8984 /* FlipCycleTileMedium.png */ = {isa = PBXFileReference; lastKnownFileType = image.png; path = FlipCycleTileMedium.png; sourceTree = "<group>"; };
		18DE139919E63887001A8984 /* FlipCycleTileSmall.png */ = {isa = PBXFileReference; lastKnownFileType = image.png; path = FlipCycleTileSmall.png; sourceTree = "<group>"; };
		18DE139A19E63887001A8984 /* Info.png */ = {isa = PBXFileReference; lastKnownFileType = image.png; path = Info.png; sourceTree = "<group>"; };
		18DE139B19E63887001A8984 /* refresh.png */ = {isa = PBXFileReference; lastKnownFileType = image.png; path = refresh.png; sourceTree = "<group>"; };
		18DE139D19E63887001A8984 /* 1.png */ = {isa = PBXFileReference; lastKnownFileType = image.png; path = 1.png; sourceTree = "<group>"; };
		18DE139E19E63887001A8984 /* 2.png */ = {isa = PBXFileReference; lastKnownFileType = image.png; path = 2.png; sourceTree = "<group>"; };
		18DE139F19E63887001A8984 /* 3.png */ = {isa = PBXFileReference; lastKnownFileType = image.png; path = 3.png; sourceTree = "<group>"; };
		18DE13A019E63887001A8984 /* 4.png */ = {isa = PBXFileReference; lastKnownFileType = image.png; path = 4.png; sourceTree = "<group>"; };
		18DE13A119E63887001A8984 /* 5.png */ = {isa = PBXFileReference; lastKnownFileType = image.png; path = 5.png; sourceTree = "<group>"; };
		18DE13A219E63887001A8984 /* 6.png */ = {isa = PBXFileReference; lastKnownFileType = image.png; path = 6.png; sourceTree = "<group>"; };
		18DE13A319E63887001A8984 /* Spinner.png */ = {isa = PBXFileReference; lastKnownFileType = image.png; path = Spinner.png; sourceTree = "<group>"; };
		18DE13A419E63887001A8984 /* StackOverflow.jpg */ = {isa = PBXFileReference; lastKnownFileType = image.jpeg; path = StackOverflow.jpg; sourceTree = "<group>"; };
		18DE13A619E63887001A8984 /* StoreTile.png */ = {isa = PBXFileReference; lastKnownFileType = image.png; path = StoreTile.png; sourceTree = "<group>"; };
		18DE13A819E63887001A8984 /* FlipCycleTileMedium.png */ = {isa = PBXFileReference; lastKnownFileType = image.png; path = FlipCycleTileMedium.png; sourceTree = "<group>"; };
		18DE13A919E63887001A8984 /* FlipCycleTileSmall.png */ = {isa = PBXFileReference; lastKnownFileType = image.png; path = FlipCycleTileSmall.png; sourceTree = "<group>"; };
		18DE13AA19E63887001A8984 /* train.png */ = {isa = PBXFileReference; lastKnownFileType = image.png; path = train.png; sourceTree = "<group>"; };
		18DE13AB19E63887001A8984 /* Twitter.jpg */ = {isa = PBXFileReference; lastKnownFileType = image.jpeg; path = Twitter.jpg; sourceTree = "<group>"; };
		18DE13C519E63EA0001A8984 /* RouteCell.h */ = {isa = PBXFileReference; fileEncoding = 4; lastKnownFileType = sourcecode.c.h; path = RouteCell.h; sourceTree = "<group>"; };
		18DE13C619E63EA0001A8984 /* RouteCell.m */ = {isa = PBXFileReference; fileEncoding = 4; lastKnownFileType = sourcecode.c.objc; path = RouteCell.m; sourceTree = "<group>"; };
		18DE13C919E643E8001A8984 /* NewAppIcon@2x.png */ = {isa = PBXFileReference; lastKnownFileType = image.png; path = "NewAppIcon@2x.png"; sourceTree = "<group>"; };
		18DE13CC19E64495001A8984 /* NewAppIcon@3x.png */ = {isa = PBXFileReference; lastKnownFileType = image.png; path = "NewAppIcon@3x.png"; sourceTree = "<group>"; };
		4ACDBE41B2604FF8BD302799 /* libPods-HydMMTSLive.a */ = {isa = PBXFileReference; explicitFileType = archive.ar; includeInIndex = 0; path = "libPods-HydMMTSLive.a"; sourceTree = BUILT_PRODUCTS_DIR; };
		B552A4663ACDE56D843647DA /* Pods-HydMMTSLive.debug.xcconfig */ = {isa = PBXFileReference; includeInIndex = 1; lastKnownFileType = text.xcconfig; name = "Pods-HydMMTSLive.debug.xcconfig"; path = "Pods/Target Support Files/Pods-HydMMTSLive/Pods-HydMMTSLive.debug.xcconfig"; sourceTree = "<group>"; };
		D4C45D7719823D350037509E /* ImportantContent */ = {isa = PBXFileReference; fileEncoding = 4; lastKnownFileType = text; name = ImportantContent; path = HydMMTSLive/Resources/ImportantContent; sourceTree = "<group>"; };
		D4C7304F1982B3F2001930B4 /* MMTS Timetable   MMTS Train Timings   Hyderabad local train time table.xls */ = {isa = PBXFileReference; lastKnownFileType = file; path = "MMTS Timetable   MMTS Train Timings   Hyderabad local train time table.xls"; sourceTree = "<group>"; };
/* End PBXFileReference section */

/* Begin PBXFrameworksBuildPhase section */
		13CBB9DC19784B2400BF5424 /* Frameworks */ = {
			isa = PBXFrameworksBuildPhase;
			buildActionMask = 2147483647;
			files = (
				605D1AE5D3B14D8A9404F96D /* libPods-HydMMTSLive.a in Frameworks */,
			);
			runOnlyForDeploymentPostprocessing = 0;
		};
		13CBB9EF19784B2400BF5424 /* Frameworks */ = {
			isa = PBXFrameworksBuildPhase;
			buildActionMask = 2147483647;
			files = (
			);
			runOnlyForDeploymentPostprocessing = 0;
		};
/* End PBXFrameworksBuildPhase section */

/* Begin PBXGroup section */
		13CBB9D619784B2400BF5424 = {
			isa = PBXGroup;
			children = (
				D4C45D7719823D350037509E /* ImportantContent */,
				D4C7304F1982B3F2001930B4 /* MMTS Timetable   MMTS Train Timings   Hyderabad local train time table.xls */,
				13CBB9E119784B2400BF5424 /* HydMMTSLive */,
				13CBB9F519784B2400BF5424 /* HydMMTSLiveTests */,
				13CBB9E019784B2400BF5424 /* Products */,
				F903153814A34251AED87FA8 /* Frameworks */,
				6BB5EDEDF1FC67864C1D2FD6 /* Pods */,
			);
			sourceTree = "<group>";
		};
		13CBB9E019784B2400BF5424 /* Products */ = {
			isa = PBXGroup;
			children = (
				13CBB9DF19784B2400BF5424 /* HydMMTSLive.app */,
				13CBB9F219784B2400BF5424 /* HydMMTSLiveTests.xctest */,
			);
			name = Products;
			sourceTree = "<group>";
		};
		13CBB9E119784B2400BF5424 /* HydMMTSLive */ = {
			isa = PBXGroup;
			children = (
				13CBB9E619784B2400BF5424 /* AppDelegate.h */,
				13CBB9E719784B2400BF5424 /* AppDelegate.m */,
				18BA6E1B19E4DB4A0044AF36 /* RoutesListTableViewController.h */,
				18BA6E1C19E4DB4A0044AF36 /* RoutesListTableViewController.m */,
				18DE13C519E63EA0001A8984 /* RouteCell.h */,
				18DE13C619E63EA0001A8984 /* RouteCell.m */,
				18BA6E1E19E4DE830044AF36 /* LiveStatusForSelectedRouteTableViewController.h */,
				18BA6E1F19E4DE830044AF36 /* LiveStatusForSelectedRouteTableViewController.m */,
				18BA6E1919E4DAAA0044AF36 /* MainStoryboard.storyboard */,
				13CBB9EC19784B2400BF5424 /* Images.xcassets */,
				13CBB9E919784B2400BF5424 /* HydMMTSLive.xcdatamodeld */,
				13CBB9E219784B2400BF5424 /* Supporting Files */,
			);
			path = HydMMTSLive;
			sourceTree = "<group>";
		};
		13CBB9E219784B2400BF5424 /* Supporting Files */ = {
			isa = PBXGroup;
			children = (
				18DE139019E63887001A8984 /* Assets */,
				13CBB9E319784B2400BF5424 /* Info.plist */,
				13CBB9E419784B2400BF5424 /* main.m */,
			);
			name = "Supporting Files";
			sourceTree = "<group>";
		};
		13CBB9F519784B2400BF5424 /* HydMMTSLiveTests */ = {
			isa = PBXGroup;
			children = (
				13CBB9F819784B2400BF5424 /* HydMMTSLiveTests.m */,
				13CBB9F619784B2400BF5424 /* Supporting Files */,
			);
			path = HydMMTSLiveTests;
			sourceTree = "<group>";
		};
		13CBB9F619784B2400BF5424 /* Supporting Files */ = {
			isa = PBXGroup;
			children = (
				13CBB9F719784B2400BF5424 /* Info.plist */,
			);
			name = "Supporting Files";
			sourceTree = "<group>";
		};
		18DE139019E63887001A8984 /* Assets */ = {
			isa = PBXGroup;
			children = (
				18DE139119E63887001A8984 /* AlignmentGrid.png */,
				18DE139219E63887001A8984 /* appbar.arrow.up.down.png */,
				18DE139319E63887001A8984 /* appbar.magnify.png */,
				18DE139419E63887001A8984 /* AppIcon.png */,
				18DE139519E63887001A8984 /* ApplicationIcon.png */,
				18DE139619E63887001A8984 /* arrow.png */,
				18DE139719E63887001A8984 /* Facebook.jpg */,
				18DE139819E63887001A8984 /* FlipCycleTileMedium.png */,
				18DE139919E63887001A8984 /* FlipCycleTileSmall.png */,
				18DE139A19E63887001A8984 /* Info.png */,
				18DE139B19E63887001A8984 /* refresh.png */,
				18DE139C19E63887001A8984 /* Screenshots */,
				18DE13A319E63887001A8984 /* Spinner.png */,
				18DE13A419E63887001A8984 /* StackOverflow.jpg */,
				18DE13C919E643E8001A8984 /* NewAppIcon@2x.png */,
				18DE13CC19E64495001A8984 /* NewAppIcon@3x.png */,
				18DE13A619E63887001A8984 /* StoreTile.png */,
				18DE13A719E63887001A8984 /* Tiles */,
				18DE13AA19E63887001A8984 /* train.png */,
				18DE13AB19E63887001A8984 /* Twitter.jpg */,
			);
			path = Assets;
			sourceTree = "<group>";
		};
		18DE139C19E63887001A8984 /* Screenshots */ = {
			isa = PBXGroup;
			children = (
				18DE139D19E63887001A8984 /* 1.png */,
				18DE139E19E63887001A8984 /* 2.png */,
				18DE139F19E63887001A8984 /* 3.png */,
				18DE13A019E63887001A8984 /* 4.png */,
				18DE13A119E63887001A8984 /* 5.png */,
				18DE13A219E63887001A8984 /* 6.png */,
			);
			path = Screenshots;
			sourceTree = "<group>";
		};
		18DE13A719E63887001A8984 /* Tiles */ = {
			isa = PBXGroup;
			children = (
				18DE13A819E63887001A8984 /* FlipCycleTileMedium.png */,
				18DE13A919E63887001A8984 /* FlipCycleTileSmall.png */,
			);
			path = Tiles;
			sourceTree = "<group>";
		};
		6BB5EDEDF1FC67864C1D2FD6 /* Pods */ = {
			isa = PBXGroup;
			children = (
				B552A4663ACDE56D843647DA /* Pods-HydMMTSLive.debug.xcconfig */,
				0A8C35CCA59445F7DA978BB4 /* Pods-HydMMTSLive.release.xcconfig */,
			);
			name = Pods;
			sourceTree = "<group>";
		};
		F903153814A34251AED87FA8 /* Frameworks */ = {
			isa = PBXGroup;
			children = (
				4ACDBE41B2604FF8BD302799 /* libPods-HydMMTSLive.a */,
			);
			name = Frameworks;
			sourceTree = "<group>";
		};
/* End PBXGroup section */

/* Begin PBXNativeTarget section */
		13CBB9DE19784B2400BF5424 /* HydMMTSLive */ = {
			isa = PBXNativeTarget;
			buildConfigurationList = 13CBB9FC19784B2400BF5424 /* Build configuration list for PBXNativeTarget "HydMMTSLive" */;
			buildPhases = (
				635B5F19F21A448DA55E3077 /* Check Pods Manifest.lock */,
				13CBB9DB19784B2400BF5424 /* Sources */,
				13CBB9DC19784B2400BF5424 /* Frameworks */,
				13CBB9DD19784B2400BF5424 /* Resources */,
				9ACE056573D840ED9292AF8E /* Copy Pods Resources */,
			);
			buildRules = (
			);
			dependencies = (
			);
			name = HydMMTSLive;
			productName = HydMMTSLive;
			productReference = 13CBB9DF19784B2400BF5424 /* HydMMTSLive.app */;
			productType = "com.apple.product-type.application";
		};
		13CBB9F119784B2400BF5424 /* HydMMTSLiveTests */ = {
			isa = PBXNativeTarget;
			buildConfigurationList = 13CBB9FF19784B2400BF5424 /* Build configuration list for PBXNativeTarget "HydMMTSLiveTests" */;
			buildPhases = (
				13CBB9EE19784B2400BF5424 /* Sources */,
				13CBB9EF19784B2400BF5424 /* Frameworks */,
				13CBB9F019784B2400BF5424 /* Resources */,
			);
			buildRules = (
			);
			dependencies = (
				13CBB9F419784B2400BF5424 /* PBXTargetDependency */,
			);
			name = HydMMTSLiveTests;
			productName = HydMMTSLiveTests;
			productReference = 13CBB9F219784B2400BF5424 /* HydMMTSLiveTests.xctest */;
			productType = "com.apple.product-type.bundle.unit-test";
		};
/* End PBXNativeTarget section */

/* Begin PBXProject section */
		13CBB9D719784B2400BF5424 /* Project object */ = {
			isa = PBXProject;
			attributes = {
				LastUpgradeCheck = 0600;
				ORGANIZATIONNAME = TheAteam;
				TargetAttributes = {
					13CBB9DE19784B2400BF5424 = {
						CreatedOnToolsVersion = 6.0;
						DevelopmentTeam = Q5QZ92NA4P;
					};
					13CBB9F119784B2400BF5424 = {
						CreatedOnToolsVersion = 6.0;
						TestTargetID = 13CBB9DE19784B2400BF5424;
					};
				};
			};
			buildConfigurationList = 13CBB9DA19784B2400BF5424 /* Build configuration list for PBXProject "HydMMTSLive" */;
			compatibilityVersion = "Xcode 3.2";
			developmentRegion = English;
			hasScannedForEncodings = 0;
			knownRegions = (
				en,
			);
			mainGroup = 13CBB9D619784B2400BF5424;
			productRefGroup = 13CBB9E019784B2400BF5424 /* Products */;
			projectDirPath = "";
			projectRoot = "";
			targets = (
				13CBB9DE19784B2400BF5424 /* HydMMTSLive */,
				13CBB9F119784B2400BF5424 /* HydMMTSLiveTests */,
			);
		};
/* End PBXProject section */

/* Begin PBXResourcesBuildPhase section */
		13CBB9DD19784B2400BF5424 /* Resources */ = {
			isa = PBXResourcesBuildPhase;
			buildActionMask = 2147483647;
			files = (
				18DE13BA19E63887001A8984 /* 4.png in Resources */,
				18DE13AE19E63887001A8984 /* appbar.magnify.png in Resources */,
				18DE13BB19E63887001A8984 /* 5.png in Resources */,
				18DE13B219E63887001A8984 /* Facebook.jpg in Resources */,
				18BA6E1A19E4DAAA0044AF36 /* MainStoryboard.storyboard in Resources */,
				18DE13B919E63887001A8984 /* 3.png in Resources */,
				18DE13BE19E63887001A8984 /* StackOverflow.jpg in Resources */,
				18DE13C319E63887001A8984 /* train.png in Resources */,
				18DE13B619E63887001A8984 /* refresh.png in Resources */,
				18DE13B419E63887001A8984 /* FlipCycleTileSmall.png in Resources */,
				18DE13AC19E63887001A8984 /* AlignmentGrid.png in Resources */,
				18DE13BD19E63887001A8984 /* Spinner.png in Resources */,
				18DE13B519E63887001A8984 /* Info.png in Resources */,
				18DE13C219E63887001A8984 /* FlipCycleTileSmall.png in Resources */,
				18DE13B319E63887001A8984 /* FlipCycleTileMedium.png in Resources */,
				18DE13B019E63887001A8984 /* ApplicationIcon.png in Resources */,
				18DE13B719E63887001A8984 /* 1.png in Resources */,
				18DE13CD19E64495001A8984 /* NewAppIcon@3x.png in Resources */,
				18DE13B819E63887001A8984 /* 2.png in Resources */,
				18DE13BC19E63887001A8984 /* 6.png in Resources */,
				18DE13B119E63887001A8984 /* arrow.png in Resources */,
				18DE13C119E63887001A8984 /* FlipCycleTileMedium.png in Resources */,
				18DE13C019E63887001A8984 /* StoreTile.png in Resources */,
				13CBB9ED19784B2400BF5424 /* Images.xcassets in Resources */,
				D4C45D7819823D350037509E /* ImportantContent in Resources */,
				18DE13CB19E643E8001A8984 /* NewAppIcon@2x.png in Resources */,
				18DE13C419E63887001A8984 /* Twitter.jpg in Resources */,
				18DE13AD19E63887001A8984 /* appbar.arrow.up.down.png in Resources */,
				18DE13AF19E63887001A8984 /* AppIcon.png in Resources */,
			);
			runOnlyForDeploymentPostprocessing = 0;
		};
		13CBB9F019784B2400BF5424 /* Resources */ = {
			isa = PBXResourcesBuildPhase;
			buildActionMask = 2147483647;
			files = (
			);
			runOnlyForDeploymentPostprocessing = 0;
		};
/* End PBXResourcesBuildPhase section */

/* Begin PBXShellScriptBuildPhase section */
		635B5F19F21A448DA55E3077 /* Check Pods Manifest.lock */ = {
			isa = PBXShellScriptBuildPhase;
			buildActionMask = 2147483647;
			files = (
			);
			inputPaths = (
			);
			name = "Check Pods Manifest.lock";
			outputPaths = (
			);
			runOnlyForDeploymentPostprocessing = 0;
			shellPath = /bin/sh;
			shellScript = "diff \"${PODS_ROOT}/../Podfile.lock\" \"${PODS_ROOT}/Manifest.lock\" > /dev/null\nif [[ $? != 0 ]] ; then\n    cat << EOM\nerror: The sandbox is not in sync with the Podfile.lock. Run 'pod install' or update your CocoaPods installation.\nEOM\n    exit 1\nfi\n";
			showEnvVarsInLog = 0;
		};
		9ACE056573D840ED9292AF8E /* Copy Pods Resources */ = {
			isa = PBXShellScriptBuildPhase;
			buildActionMask = 2147483647;
			files = (
			);
			inputPaths = (
			);
			name = "Copy Pods Resources";
			outputPaths = (
			);
			runOnlyForDeploymentPostprocessing = 0;
			shellPath = /bin/sh;
			shellScript = "\"${SRCROOT}/Pods/Target Support Files/Pods-HydMMTSLive/Pods-HydMMTSLive-resources.sh\"\n";
			showEnvVarsInLog = 0;
		};
/* End PBXShellScriptBuildPhase section */

/* Begin PBXSourcesBuildPhase section */
		13CBB9DB19784B2400BF5424 /* Sources */ = {
			isa = PBXSourcesBuildPhase;
			buildActionMask = 2147483647;
			files = (
				13CBB9E819784B2400BF5424 /* AppDelegate.m in Sources */,
				13CBB9EB19784B2400BF5424 /* HydMMTSLive.xcdatamodeld in Sources */,
				18BA6E2019E4DE830044AF36 /* LiveStatusForSelectedRouteTableViewController.m in Sources */,
				18DE13C719E63EA0001A8984 /* RouteCell.m in Sources */,
				13CBB9E519784B2400BF5424 /* main.m in Sources */,
				18BA6E1D19E4DB4A0044AF36 /* RoutesListTableViewController.m in Sources */,
			);
			runOnlyForDeploymentPostprocessing = 0;
		};
		13CBB9EE19784B2400BF5424 /* Sources */ = {
			isa = PBXSourcesBuildPhase;
			buildActionMask = 2147483647;
			files = (
				13CBB9F919784B2400BF5424 /* HydMMTSLiveTests.m in Sources */,
			);
			runOnlyForDeploymentPostprocessing = 0;
		};
/* End PBXSourcesBuildPhase section */

/* Begin PBXTargetDependency section */
		13CBB9F419784B2400BF5424 /* PBXTargetDependency */ = {
			isa = PBXTargetDependency;
			target = 13CBB9DE19784B2400BF5424 /* HydMMTSLive */;
			targetProxy = 13CBB9F319784B2400BF5424 /* PBXContainerItemProxy */;
		};
/* End PBXTargetDependency section */

/* Begin XCBuildConfiguration section */
		13CBB9FA19784B2400BF5424 /* Debug */ = {
			isa = XCBuildConfiguration;
			buildSettings = {
				ALWAYS_SEARCH_USER_PATHS = NO;
				CLANG_CXX_LANGUAGE_STANDARD = "gnu++0x";
				CLANG_CXX_LIBRARY = "libc++";
				CLANG_ENABLE_MODULES = YES;
				CLANG_ENABLE_OBJC_ARC = YES;
				CLANG_WARN_BOOL_CONVERSION = YES;
				CLANG_WARN_CONSTANT_CONVERSION = YES;
				CLANG_WARN_DIRECT_OBJC_ISA_USAGE = YES_ERROR;
				CLANG_WARN_EMPTY_BODY = YES;
				CLANG_WARN_ENUM_CONVERSION = YES;
				CLANG_WARN_INT_CONVERSION = YES;
				CLANG_WARN_OBJC_ROOT_CLASS = YES_ERROR;
				CLANG_WARN_UNREACHABLE_CODE = YES;
				CLANG_WARN__DUPLICATE_METHOD_MATCH = YES;
				"CODE_SIGN_IDENTITY[sdk=iphoneos*]" = "iPhone Developer";
				COPY_PHASE_STRIP = NO;
				ENABLE_STRICT_OBJC_MSGSEND = YES;
				GCC_C_LANGUAGE_STANDARD = gnu99;
				GCC_DYNAMIC_NO_PIC = NO;
				GCC_OPTIMIZATION_LEVEL = 0;
				GCC_PREPROCESSOR_DEFINITIONS = (
					"DEBUG=1",
					"$(inherited)",
				);
				GCC_SYMBOLS_PRIVATE_EXTERN = NO;
				GCC_WARN_64_TO_32_BIT_CONVERSION = YES;
				GCC_WARN_ABOUT_RETURN_TYPE = YES_ERROR;
				GCC_WARN_UNDECLARED_SELECTOR = YES;
				GCC_WARN_UNINITIALIZED_AUTOS = YES_AGGRESSIVE;
				GCC_WARN_UNUSED_FUNCTION = YES;
				GCC_WARN_UNUSED_VARIABLE = YES;
				IPHONEOS_DEPLOYMENT_TARGET = 8.0;
				METAL_ENABLE_DEBUG_INFO = YES;
				ONLY_ACTIVE_ARCH = YES;
				SDKROOT = iphoneos;
				TARGETED_DEVICE_FAMILY = "1,2";
			};
			name = Debug;
		};
		13CBB9FB19784B2400BF5424 /* Release */ = {
			isa = XCBuildConfiguration;
			buildSettings = {
				ALWAYS_SEARCH_USER_PATHS = NO;
				CLANG_CXX_LANGUAGE_STANDARD = "gnu++0x";
				CLANG_CXX_LIBRARY = "libc++";
				CLANG_ENABLE_MODULES = YES;
				CLANG_ENABLE_OBJC_ARC = YES;
				CLANG_WARN_BOOL_CONVERSION = YES;
				CLANG_WARN_CONSTANT_CONVERSION = YES;
				CLANG_WARN_DIRECT_OBJC_ISA_USAGE = YES_ERROR;
				CLANG_WARN_EMPTY_BODY = YES;
				CLANG_WARN_ENUM_CONVERSION = YES;
				CLANG_WARN_INT_CONVERSION = YES;
				CLANG_WARN_OBJC_ROOT_CLASS = YES_ERROR;
				CLANG_WARN_UNREACHABLE_CODE = YES;
				CLANG_WARN__DUPLICATE_METHOD_MATCH = YES;
				"CODE_SIGN_IDENTITY[sdk=iphoneos*]" = "iPhone Developer";
				COPY_PHASE_STRIP = YES;
				ENABLE_NS_ASSERTIONS = NO;
				ENABLE_STRICT_OBJC_MSGSEND = YES;
				GCC_C_LANGUAGE_STANDARD = gnu99;
				GCC_WARN_64_TO_32_BIT_CONVERSION = YES;
				GCC_WARN_ABOUT_RETURN_TYPE = YES_ERROR;
				GCC_WARN_UNDECLARED_SELECTOR = YES;
				GCC_WARN_UNINITIALIZED_AUTOS = YES_AGGRESSIVE;
				GCC_WARN_UNUSED_FUNCTION = YES;
				GCC_WARN_UNUSED_VARIABLE = YES;
				IPHONEOS_DEPLOYMENT_TARGET = 8.0;
				METAL_ENABLE_DEBUG_INFO = NO;
				SDKROOT = iphoneos;
				TARGETED_DEVICE_FAMILY = "1,2";
				VALIDATE_PRODUCT = YES;
			};
			name = Release;
		};
		13CBB9FD19784B2400BF5424 /* Debug */ = {
			isa = XCBuildConfiguration;
			baseConfigurationReference = B552A4663ACDE56D843647DA /* Pods-HydMMTSLive.debug.xcconfig */;
			buildSettings = {
				ASSETCATALOG_COMPILER_APPICON_NAME = AppIcon;
				ASSETCATALOG_COMPILER_LAUNCHIMAGE_NAME = LaunchImage;
				CODE_SIGN_IDENTITY = "iPhone Developer";
				INFOPLIST_FILE = HydMMTSLive/Info.plist;
				IPHONEOS_DEPLOYMENT_TARGET = 7.1;
				LD_RUNPATH_SEARCH_PATHS = "$(inherited) @executable_path/Frameworks";
				PRODUCT_NAME = "$(TARGET_NAME)";
			};
			name = Debug;
		};
		13CBB9FE19784B2400BF5424 /* Release */ = {
			isa = XCBuildConfiguration;
			baseConfigurationReference = 0A8C35CCA59445F7DA978BB4 /* Pods-HydMMTSLive.release.xcconfig */;
			buildSettings = {
				ASSETCATALOG_COMPILER_APPICON_NAME = AppIcon;
				ASSETCATALOG_COMPILER_LAUNCHIMAGE_NAME = LaunchImage;
				CODE_SIGN_IDENTITY = "iPhone Developer";
				INFOPLIST_FILE = HydMMTSLive/Info.plist;
				IPHONEOS_DEPLOYMENT_TARGET = 7.1;
				LD_RUNPATH_SEARCH_PATHS = "$(inherited) @executable_path/Frameworks";
				PRODUCT_NAME = "$(TARGET_NAME)";
			};
			name = Release;
		};
		13CBBA0019784B2400BF5424 /* Debug */ = {
			isa = XCBuildConfiguration;
			buildSettings = {
				BUNDLE_LOADER = "$(BUILT_PRODUCTS_DIR)/HydMMTSLive.app/HydMMTSLive";
				FRAMEWORK_SEARCH_PATHS = (
					"$(SDKROOT)/Developer/Library/Frameworks",
					"$(inherited)",
				);
				GCC_PREPROCESSOR_DEFINITIONS = (
					"DEBUG=1",
					"$(inherited)",
				);
				INFOPLIST_FILE = HydMMTSLiveTests/Info.plist;
				LD_RUNPATH_SEARCH_PATHS = "$(inherited) @executable_path/Frameworks @loader_path/Frameworks";
				METAL_ENABLE_DEBUG_INFO = YES;
				PRODUCT_NAME = "$(TARGET_NAME)";
				TEST_HOST = "$(BUNDLE_LOADER)";
			};
			name = Debug;
		};
		13CBBA0119784B2400BF5424 /* Release */ = {
			isa = XCBuildConfiguration;
			buildSettings = {
				BUNDLE_LOADER = "$(BUILT_PRODUCTS_DIR)/HydMMTSLive.app/HydMMTSLive";
				FRAMEWORK_SEARCH_PATHS = (
					"$(SDKROOT)/Developer/Library/Frameworks",
					"$(inherited)",
				);
				INFOPLIST_FILE = HydMMTSLiveTests/Info.plist;
				LD_RUNPATH_SEARCH_PATHS = "$(inherited) @executable_path/Frameworks @loader_path/Frameworks";
				METAL_ENABLE_DEBUG_INFO = NO;
				PRODUCT_NAME = "$(TARGET_NAME)";
				TEST_HOST = "$(BUNDLE_LOADER)";
			};
			name = Release;
		};
/* End XCBuildConfiguration section */

/* Begin XCConfigurationList section */
		13CBB9DA19784B2400BF5424 /* Build configuration list for PBXProject "HydMMTSLive" */ = {
			isa = XCConfigurationList;
			buildConfigurations = (
				13CBB9FA19784B2400BF5424 /* Debug */,
				13CBB9FB19784B2400BF5424 /* Release */,
			);
			defaultConfigurationIsVisible = 0;
			defaultConfigurationName = Release;
		};
		13CBB9FC19784B2400BF5424 /* Build configuration list for PBXNativeTarget "HydMMTSLive" */ = {
			isa = XCConfigurationList;
			buildConfigurations = (
				13CBB9FD19784B2400BF5424 /* Debug */,
				13CBB9FE19784B2400BF5424 /* Release */,
			);
			defaultConfigurationIsVisible = 0;
			defaultConfigurationName = Release;
		};
		13CBB9FF19784B2400BF5424 /* Build configuration list for PBXNativeTarget "HydMMTSLiveTests" */ = {
			isa = XCConfigurationList;
			buildConfigurations = (
				13CBBA0019784B2400BF5424 /* Debug */,
				13CBBA0119784B2400BF5424 /* Release */,
			);
			defaultConfigurationIsVisible = 0;
			defaultConfigurationName = Release;
		};
/* End XCConfigurationList section */

/* Begin XCVersionGroup section */
		13CBB9E919784B2400BF5424 /* HydMMTSLive.xcdatamodeld */ = {
			isa = XCVersionGroup;
			children = (
				13CBB9EA19784B2400BF5424 /* HydMMTSLive.xcdatamodel */,
			);
			currentVersion = 13CBB9EA19784B2400BF5424 /* HydMMTSLive.xcdatamodel */;
			path = HydMMTSLive.xcdatamodeld;
			sourceTree = "<group>";
			versionGroupType = wrapper.xcdatamodel;
		};
/* End XCVersionGroup section */
	};
	rootObject = 13CBB9D719784B2400BF5424 /* Project object */;
}
